// !$*UTF8*$!
{
	archiveVersion = 1;
	classes = {
	};
	objectVersion = 46;
	objects = {

/* Begin PBXBuildFile section */
		A20BDB311D7D44DE00C6F9E8 /* main.m in Sources */ = {isa = PBXBuildFile; fileRef = A20BDB301D7D44DE00C6F9E8 /* main.m */; };
		A20BDB341D7D44DE00C6F9E8 /* AppDelegate.m in Sources */ = {isa = PBXBuildFile; fileRef = A20BDB331D7D44DE00C6F9E8 /* AppDelegate.m */; };
		A20BDB371D7D44DE00C6F9E8 /* ViewController.m in Sources */ = {isa = PBXBuildFile; fileRef = A20BDB361D7D44DE00C6F9E8 /* ViewController.m */; };
		A20BDB3A1D7D44DE00C6F9E8 /* Main.storyboard in Resources */ = {isa = PBXBuildFile; fileRef = A20BDB381D7D44DE00C6F9E8 /* Main.storyboard */; };
		A20BDB3C1D7D44DE00C6F9E8 /* Assets.xcassets in Resources */ = {isa = PBXBuildFile; fileRef = A20BDB3B1D7D44DE00C6F9E8 /* Assets.xcassets */; };
		A20BDB3F1D7D44DE00C6F9E8 /* LaunchScreen.storyboard in Resources */ = {isa = PBXBuildFile; fileRef = A20BDB3D1D7D44DE00C6F9E8 /* LaunchScreen.storyboard */; };
		A20BDB4A1D7D44DE00C6F9E8 /* AlbumSelectTests.m in Sources */ = {isa = PBXBuildFile; fileRef = A20BDB491D7D44DE00C6F9E8 /* AlbumSelectTests.m */; };
		A20BDB551D7D44DE00C6F9E8 /* AlbumSelectUITests.m in Sources */ = {isa = PBXBuildFile; fileRef = A20BDB541D7D44DE00C6F9E8 /* AlbumSelectUITests.m */; };
		A20BDB751D7D44E800C6F9E8 /* InfoPlist.strings in Resources */ = {isa = PBXBuildFile; fileRef = A20BDB631D7D44E800C6F9E8 /* InfoPlist.strings */; };
		A20BDB761D7D44E800C6F9E8 /* Mypic.bundle in Resources */ = {isa = PBXBuildFile; fileRef = A20BDB651D7D44E800C6F9E8 /* Mypic.bundle */; };
		A20BDB771D7D44E800C6F9E8 /* ZLJAlbumVC.m in Sources */ = {isa = PBXBuildFile; fileRef = A20BDB681D7D44E800C6F9E8 /* ZLJAlbumVC.m */; };
		A20BDB781D7D44E800C6F9E8 /* ZLJAseetInfo.m in Sources */ = {isa = PBXBuildFile; fileRef = A20BDB6A1D7D44E800C6F9E8 /* ZLJAseetInfo.m */; };
		A20BDB791D7D44E800C6F9E8 /* ZLJGroupCell.m in Sources */ = {isa = PBXBuildFile; fileRef = A20BDB6C1D7D44E800C6F9E8 /* ZLJGroupCell.m */; };
		A20BDB7A1D7D44E800C6F9E8 /* ZLJGroupInfo.m in Sources */ = {isa = PBXBuildFile; fileRef = A20BDB6E1D7D44E800C6F9E8 /* ZLJGroupInfo.m */; };
		A20BDB7B1D7D44E800C6F9E8 /* ZLJImagePickerController.m in Sources */ = {isa = PBXBuildFile; fileRef = A20BDB701D7D44E800C6F9E8 /* ZLJImagePickerController.m */; };
		A20BDB7C1D7D44E800C6F9E8 /* ZLJPHAssetInfo.m in Sources */ = {isa = PBXBuildFile; fileRef = A20BDB721D7D44E800C6F9E8 /* ZLJPHAssetInfo.m */; };
		A20BDB7D1D7D44E800C6F9E8 /* ZLJPhotosVC.m in Sources */ = {isa = PBXBuildFile; fileRef = A20BDB741D7D44E800C6F9E8 /* ZLJPhotosVC.m */; };
/* End PBXBuildFile section */

/* Begin PBXContainerItemProxy section */
		A20BDB461D7D44DE00C6F9E8 /* PBXContainerItemProxy */ = {
			isa = PBXContainerItemProxy;
			containerPortal = A20BDB241D7D44DE00C6F9E8 /* Project object */;
			proxyType = 1;
			remoteGlobalIDString = A20BDB2B1D7D44DE00C6F9E8;
			remoteInfo = AlbumSelect;
		};
		A20BDB511D7D44DE00C6F9E8 /* PBXContainerItemProxy */ = {
			isa = PBXContainerItemProxy;
			containerPortal = A20BDB241D7D44DE00C6F9E8 /* Project object */;
			proxyType = 1;
			remoteGlobalIDString = A20BDB2B1D7D44DE00C6F9E8;
			remoteInfo = AlbumSelect;
		};
/* End PBXContainerItemProxy section */

/* Begin PBXFileReference section */
		A20BDB2C1D7D44DE00C6F9E8 /* AlbumSelect.app */ = {isa = PBXFileReference; explicitFileType = wrapper.application; includeInIndex = 0; path = AlbumSelect.app; sourceTree = BUILT_PRODUCTS_DIR; };
		A20BDB301D7D44DE00C6F9E8 /* main.m */ = {isa = PBXFileReference; lastKnownFileType = sourcecode.c.objc; path = main.m; sourceTree = "<group>"; };
		A20BDB321D7D44DE00C6F9E8 /* AppDelegate.h */ = {isa = PBXFileReference; lastKnownFileType = sourcecode.c.h; path = AppDelegate.h; sourceTree = "<group>"; };
		A20BDB331D7D44DE00C6F9E8 /* AppDelegate.m */ = {isa = PBXFileReference; lastKnownFileType = sourcecode.c.objc; path = AppDelegate.m; sourceTree = "<group>"; };
		A20BDB351D7D44DE00C6F9E8 /* ViewController.h */ = {isa = PBXFileReference; lastKnownFileType = sourcecode.c.h; path = ViewController.h; sourceTree = "<group>"; };
		A20BDB361D7D44DE00C6F9E8 /* ViewController.m */ = {isa = PBXFileReference; lastKnownFileType = sourcecode.c.objc; path = ViewController.m; sourceTree = "<group>"; };
		A20BDB391D7D44DE00C6F9E8 /* Base */ = {isa = PBXFileReference; lastKnownFileType = file.storyboard; name = Base; path = Base.lproj/Main.storyboard; sourceTree = "<group>"; };
		A20BDB3B1D7D44DE00C6F9E8 /* Assets.xcassets */ = {isa = PBXFileReference; lastKnownFileType = folder.assetcatalog; path = Assets.xcassets; sourceTree = "<group>"; };
		A20BDB3E1D7D44DE00C6F9E8 /* Base */ = {isa = PBXFileReference; lastKnownFileType = file.storyboard; name = Base; path = Base.lproj/LaunchScreen.storyboard; sourceTree = "<group>"; };
		A20BDB401D7D44DE00C6F9E8 /* Info.plist */ = {isa = PBXFileReference; lastKnownFileType = text.plist.xml; path = Info.plist; sourceTree = "<group>"; };
		A20BDB451D7D44DE00C6F9E8 /* AlbumSelectTests.xctest */ = {isa = PBXFileReference; explicitFileType = wrapper.cfbundle; includeInIndex = 0; path = AlbumSelectTests.xctest; sourceTree = BUILT_PRODUCTS_DIR; };
		A20BDB491D7D44DE00C6F9E8 /* AlbumSelectTests.m */ = {isa = PBXFileReference; lastKnownFileType = sourcecode.c.objc; path = AlbumSelectTests.m; sourceTree = "<group>"; };
		A20BDB4B1D7D44DE00C6F9E8 /* Info.plist */ = {isa = PBXFileReference; lastKnownFileType = text.plist.xml; path = Info.plist; sourceTree = "<group>"; };
		A20BDB501D7D44DE00C6F9E8 /* AlbumSelectUITests.xctest */ = {isa = PBXFileReference; explicitFileType = wrapper.cfbundle; includeInIndex = 0; path = AlbumSelectUITests.xctest; sourceTree = BUILT_PRODUCTS_DIR; };
		A20BDB541D7D44DE00C6F9E8 /* AlbumSelectUITests.m */ = {isa = PBXFileReference; lastKnownFileType = sourcecode.c.objc; path = AlbumSelectUITests.m; sourceTree = "<group>"; };
		A20BDB561D7D44DE00C6F9E8 /* Info.plist */ = {isa = PBXFileReference; lastKnownFileType = text.plist.xml; path = Info.plist; sourceTree = "<group>"; };
		A20BDB641D7D44E800C6F9E8 /* en */ = {isa = PBXFileReference; lastKnownFileType = text.plist.strings; name = en; path = en.lproj/InfoPlist.strings; sourceTree = "<group>"; };
		A20BDB651D7D44E800C6F9E8 /* Mypic.bundle */ = {isa = PBXFileReference; lastKnownFileType = "wrapper.plug-in"; path = Mypic.bundle; sourceTree = "<group>"; };
		A20BDB661D7D44E800C6F9E8 /* zh-Hans */ = {isa = PBXFileReference; lastKnownFileType = text.plist.strings; name = "zh-Hans"; path = "zh-Hans.lproj/InfoPlist.strings"; sourceTree = "<group>"; };
		A20BDB671D7D44E800C6F9E8 /* ZLJAlbumVC.h */ = {isa = PBXFileReference; fileEncoding = 4; lastKnownFileType = sourcecode.c.h; path = ZLJAlbumVC.h; sourceTree = "<group>"; };
		A20BDB681D7D44E800C6F9E8 /* ZLJAlbumVC.m */ = {isa = PBXFileReference; fileEncoding = 4; lastKnownFileType = sourcecode.c.objc; path = ZLJAlbumVC.m; sourceTree = "<group>"; };
		A20BDB691D7D44E800C6F9E8 /* ZLJAseetInfo.h */ = {isa = PBXFileReference; fileEncoding = 4; lastKnownFileType = sourcecode.c.h; path = ZLJAseetInfo.h; sourceTree = "<group>"; };
		A20BDB6A1D7D44E800C6F9E8 /* ZLJAseetInfo.m */ = {isa = PBXFileReference; fileEncoding = 4; lastKnownFileType = sourcecode.c.objc; path = ZLJAseetInfo.m; sourceTree = "<group>"; };
		A20BDB6B1D7D44E800C6F9E8 /* ZLJGroupCell.h */ = {isa = PBXFileReference; fileEncoding = 4; lastKnownFileType = sourcecode.c.h; path = ZLJGroupCell.h; sourceTree = "<group>"; };
		A20BDB6C1D7D44E800C6F9E8 /* ZLJGroupCell.m */ = {isa = PBXFileReference; fileEncoding = 4; lastKnownFileType = sourcecode.c.objc; path = ZLJGroupCell.m; sourceTree = "<group>"; };
		A20BDB6D1D7D44E800C6F9E8 /* ZLJGroupInfo.h */ = {isa = PBXFileReference; fileEncoding = 4; lastKnownFileType = sourcecode.c.h; path = ZLJGroupInfo.h; sourceTree = "<group>"; };
		A20BDB6E1D7D44E800C6F9E8 /* ZLJGroupInfo.m */ = {isa = PBXFileReference; fileEncoding = 4; lastKnownFileType = sourcecode.c.objc; path = ZLJGroupInfo.m; sourceTree = "<group>"; };
		A20BDB6F1D7D44E800C6F9E8 /* ZLJImagePickerController.h */ = {isa = PBXFileReference; fileEncoding = 4; lastKnownFileType = sourcecode.c.h; path = ZLJImagePickerController.h; sourceTree = "<group>"; };
		A20BDB701D7D44E800C6F9E8 /* ZLJImagePickerController.m */ = {isa = PBXFileReference; fileEncoding = 4; lastKnownFileType = sourcecode.c.objc; path = ZLJImagePickerController.m; sourceTree = "<group>"; };
		A20BDB711D7D44E800C6F9E8 /* ZLJPHAssetInfo.h */ = {isa = PBXFileReference; fileEncoding = 4; lastKnownFileType = sourcecode.c.h; path = ZLJPHAssetInfo.h; sourceTree = "<group>"; };
		A20BDB721D7D44E800C6F9E8 /* ZLJPHAssetInfo.m */ = {isa = PBXFileReference; fileEncoding = 4; lastKnownFileType = sourcecode.c.objc; path = ZLJPHAssetInfo.m; sourceTree = "<group>"; };
		A20BDB731D7D44E800C6F9E8 /* ZLJPhotosVC.h */ = {isa = PBXFileReference; fileEncoding = 4; lastKnownFileType = sourcecode.c.h; path = ZLJPhotosVC.h; sourceTree = "<group>"; };
		A20BDB741D7D44E800C6F9E8 /* ZLJPhotosVC.m */ = {isa = PBXFileReference; fileEncoding = 4; lastKnownFileType = sourcecode.c.objc; path = ZLJPhotosVC.m; sourceTree = "<group>"; };
/* End PBXFileReference section */

/* Begin PBXFrameworksBuildPhase section */
		A20BDB291D7D44DE00C6F9E8 /* Frameworks */ = {
			isa = PBXFrameworksBuildPhase;
			buildActionMask = 2147483647;
			files = (
			);
			runOnlyForDeploymentPostprocessing = 0;
		};
		A20BDB421D7D44DE00C6F9E8 /* Frameworks */ = {
			isa = PBXFrameworksBuildPhase;
			buildActionMask = 2147483647;
			files = (
			);
			runOnlyForDeploymentPostprocessing = 0;
		};
		A20BDB4D1D7D44DE00C6F9E8 /* Frameworks */ = {
			isa = PBXFrameworksBuildPhase;
			buildActionMask = 2147483647;
			files = (
			);
			runOnlyForDeploymentPostprocessing = 0;
		};
/* End PBXFrameworksBuildPhase section */

/* Begin PBXGroup section */
		A20BDB231D7D44DE00C6F9E8 = {
			isa = PBXGroup;
			children = (
				A20BDB2E1D7D44DE00C6F9E8 /* AlbumSelect */,
				A20BDB481D7D44DE00C6F9E8 /* AlbumSelectTests */,
				A20BDB531D7D44DE00C6F9E8 /* AlbumSelectUITests */,
				A20BDB2D1D7D44DE00C6F9E8 /* Products */,
			);
			sourceTree = "<group>";
		};
		A20BDB2D1D7D44DE00C6F9E8 /* Products */ = {
			isa = PBXGroup;
			children = (
				A20BDB2C1D7D44DE00C6F9E8 /* AlbumSelect.app */,
				A20BDB451D7D44DE00C6F9E8 /* AlbumSelectTests.xctest */,
				A20BDB501D7D44DE00C6F9E8 /* AlbumSelectUITests.xctest */,
			);
			name = Products;
			sourceTree = "<group>";
		};
		A20BDB2E1D7D44DE00C6F9E8 /* AlbumSelect */ = {
			isa = PBXGroup;
			children = (
				A20BDB621D7D44E800C6F9E8 /* ZLJImagePickerController */,
				A20BDB321D7D44DE00C6F9E8 /* AppDelegate.h */,
				A20BDB331D7D44DE00C6F9E8 /* AppDelegate.m */,
				A20BDB351D7D44DE00C6F9E8 /* ViewController.h */,
				A20BDB361D7D44DE00C6F9E8 /* ViewController.m */,
				A20BDB381D7D44DE00C6F9E8 /* Main.storyboard */,
				A20BDB3B1D7D44DE00C6F9E8 /* Assets.xcassets */,
				A20BDB3D1D7D44DE00C6F9E8 /* LaunchScreen.storyboard */,
				A20BDB401D7D44DE00C6F9E8 /* Info.plist */,
				A20BDB2F1D7D44DE00C6F9E8 /* Supporting Files */,
			);
			path = AlbumSelect;
			sourceTree = "<group>";
		};
		A20BDB2F1D7D44DE00C6F9E8 /* Supporting Files */ = {
			isa = PBXGroup;
			children = (
				A20BDB301D7D44DE00C6F9E8 /* main.m */,
			);
			name = "Supporting Files";
			sourceTree = "<group>";
		};
		A20BDB481D7D44DE00C6F9E8 /* AlbumSelectTests */ = {
			isa = PBXGroup;
			children = (
				A20BDB491D7D44DE00C6F9E8 /* AlbumSelectTests.m */,
				A20BDB4B1D7D44DE00C6F9E8 /* Info.plist */,
			);
			path = AlbumSelectTests;
			sourceTree = "<group>";
		};
		A20BDB531D7D44DE00C6F9E8 /* AlbumSelectUITests */ = {
			isa = PBXGroup;
			children = (
				A20BDB541D7D44DE00C6F9E8 /* AlbumSelectUITests.m */,
				A20BDB561D7D44DE00C6F9E8 /* Info.plist */,
			);
			path = AlbumSelectUITests;
			sourceTree = "<group>";
		};
		A20BDB621D7D44E800C6F9E8 /* ZLJImagePickerController */ = {
			isa = PBXGroup;
			children = (
				A20BDB631D7D44E800C6F9E8 /* InfoPlist.strings */,
				A20BDB651D7D44E800C6F9E8 /* Mypic.bundle */,
				A20BDB671D7D44E800C6F9E8 /* ZLJAlbumVC.h */,
				A20BDB681D7D44E800C6F9E8 /* ZLJAlbumVC.m */,
				A20BDB691D7D44E800C6F9E8 /* ZLJAseetInfo.h */,
				A20BDB6A1D7D44E800C6F9E8 /* ZLJAseetInfo.m */,
				A20BDB6B1D7D44E800C6F9E8 /* ZLJGroupCell.h */,
				A20BDB6C1D7D44E800C6F9E8 /* ZLJGroupCell.m */,
				A20BDB6D1D7D44E800C6F9E8 /* ZLJGroupInfo.h */,
				A20BDB6E1D7D44E800C6F9E8 /* ZLJGroupInfo.m */,
				A20BDB6F1D7D44E800C6F9E8 /* ZLJImagePickerController.h */,
				A20BDB701D7D44E800C6F9E8 /* ZLJImagePickerController.m */,
				A20BDB711D7D44E800C6F9E8 /* ZLJPHAssetInfo.h */,
				A20BDB721D7D44E800C6F9E8 /* ZLJPHAssetInfo.m */,
				A20BDB731D7D44E800C6F9E8 /* ZLJPhotosVC.h */,
				A20BDB741D7D44E800C6F9E8 /* ZLJPhotosVC.m */,
			);
			path = ZLJImagePickerController;
			sourceTree = "<group>";
		};
/* End PBXGroup section */

/* Begin PBXNativeTarget section */
		A20BDB2B1D7D44DE00C6F9E8 /* AlbumSelect */ = {
			isa = PBXNativeTarget;
			buildConfigurationList = A20BDB591D7D44DE00C6F9E8 /* Build configuration list for PBXNativeTarget "AlbumSelect" */;
			buildPhases = (
				A20BDB281D7D44DE00C6F9E8 /* Sources */,
				A20BDB291D7D44DE00C6F9E8 /* Frameworks */,
				A20BDB2A1D7D44DE00C6F9E8 /* Resources */,
			);
			buildRules = (
			);
			dependencies = (
			);
			name = AlbumSelect;
			productName = AlbumSelect;
			productReference = A20BDB2C1D7D44DE00C6F9E8 /* AlbumSelect.app */;
			productType = "com.apple.product-type.application";
		};
		A20BDB441D7D44DE00C6F9E8 /* AlbumSelectTests */ = {
			isa = PBXNativeTarget;
			buildConfigurationList = A20BDB5C1D7D44DE00C6F9E8 /* Build configuration list for PBXNativeTarget "AlbumSelectTests" */;
			buildPhases = (
				A20BDB411D7D44DE00C6F9E8 /* Sources */,
				A20BDB421D7D44DE00C6F9E8 /* Frameworks */,
				A20BDB431D7D44DE00C6F9E8 /* Resources */,
			);
			buildRules = (
			);
			dependencies = (
				A20BDB471D7D44DE00C6F9E8 /* PBXTargetDependency */,
			);
			name = AlbumSelectTests;
			productName = AlbumSelectTests;
			productReference = A20BDB451D7D44DE00C6F9E8 /* AlbumSelectTests.xctest */;
			productType = "com.apple.product-type.bundle.unit-test";
		};
		A20BDB4F1D7D44DE00C6F9E8 /* AlbumSelectUITests */ = {
			isa = PBXNativeTarget;
			buildConfigurationList = A20BDB5F1D7D44DE00C6F9E8 /* Build configuration list for PBXNativeTarget "AlbumSelectUITests" */;
			buildPhases = (
				A20BDB4C1D7D44DE00C6F9E8 /* Sources */,
				A20BDB4D1D7D44DE00C6F9E8 /* Frameworks */,
				A20BDB4E1D7D44DE00C6F9E8 /* Resources */,
			);
			buildRules = (
			);
			dependencies = (
				A20BDB521D7D44DE00C6F9E8 /* PBXTargetDependency */,
			);
			name = AlbumSelectUITests;
			productName = AlbumSelectUITests;
			productReference = A20BDB501D7D44DE00C6F9E8 /* AlbumSelectUITests.xctest */;
			productType = "com.apple.product-type.bundle.ui-testing";
		};
/* End PBXNativeTarget section */

/* Begin PBXProject section */
		A20BDB241D7D44DE00C6F9E8 /* Project object */ = {
			isa = PBXProject;
			attributes = {
				LastUpgradeCheck = 0730;
				ORGANIZATIONNAME = dlt_zhanlijun;
				TargetAttributes = {
					A20BDB2B1D7D44DE00C6F9E8 = {
						CreatedOnToolsVersion = 7.3.1;
						DevelopmentTeam = 3Z36LW995K;
					};
					A20BDB441D7D44DE00C6F9E8 = {
						CreatedOnToolsVersion = 7.3.1;
						DevelopmentTeam = 3Z36LW995K;
						TestTargetID = A20BDB2B1D7D44DE00C6F9E8;
					};
					A20BDB4F1D7D44DE00C6F9E8 = {
						CreatedOnToolsVersion = 7.3.1;
						DevelopmentTeam = 3Z36LW995K;
						TestTargetID = A20BDB2B1D7D44DE00C6F9E8;
					};
				};
			};
			buildConfigurationList = A20BDB271D7D44DE00C6F9E8 /* Build configuration list for PBXProject "AlbumSelect" */;
			compatibilityVersion = "Xcode 3.2";
			developmentRegion = English;
			hasScannedForEncodings = 0;
			knownRegions = (
				en,
				Base,
				"zh-Hans",
			);
			mainGroup = A20BDB231D7D44DE00C6F9E8;
			productRefGroup = A20BDB2D1D7D44DE00C6F9E8 /* Products */;
			projectDirPath = "";
			projectRoot = "";
			targets = (
				A20BDB2B1D7D44DE00C6F9E8 /* AlbumSelect */,
				A20BDB441D7D44DE00C6F9E8 /* AlbumSelectTests */,
				A20BDB4F1D7D44DE00C6F9E8 /* AlbumSelectUITests */,
			);
		};
/* End PBXProject section */

/* Begin PBXResourcesBuildPhase section */
		A20BDB2A1D7D44DE00C6F9E8 /* Resources */ = {
			isa = PBXResourcesBuildPhase;
			buildActionMask = 2147483647;
			files = (
				A20BDB761D7D44E800C6F9E8 /* Mypic.bundle in Resources */,
				A20BDB3F1D7D44DE00C6F9E8 /* LaunchScreen.storyboard in Resources */,
				A20BDB751D7D44E800C6F9E8 /* InfoPlist.strings in Resources */,
				A20BDB3C1D7D44DE00C6F9E8 /* Assets.xcassets in Resources */,
				A20BDB3A1D7D44DE00C6F9E8 /* Main.storyboard in Resources */,
			);
			runOnlyForDeploymentPostprocessing = 0;
		};
		A20BDB431D7D44DE00C6F9E8 /* Resources */ = {
			isa = PBXResourcesBuildPhase;
			buildActionMask = 2147483647;
			files = (
			);
			runOnlyForDeploymentPostprocessing = 0;
		};
		A20BDB4E1D7D44DE00C6F9E8 /* Resources */ = {
			isa = PBXResourcesBuildPhase;
			buildActionMask = 2147483647;
			files = (
			);
			runOnlyForDeploymentPostprocessing = 0;
		};
/* End PBXResourcesBuildPhase section */

/* Begin PBXSourcesBuildPhase section */
		A20BDB281D7D44DE00C6F9E8 /* Sources */ = {
			isa = PBXSourcesBuildPhase;
			buildActionMask = 2147483647;
			files = (
				A20BDB371D7D44DE00C6F9E8 /* ViewController.m in Sources */,
				A20BDB781D7D44E800C6F9E8 /* ZLJAseetInfo.m in Sources */,
				A20BDB7D1D7D44E800C6F9E8 /* ZLJPhotosVC.m in Sources */,
				A20BDB7B1D7D44E800C6F9E8 /* ZLJImagePickerController.m in Sources */,
				A20BDB7A1D7D44E800C6F9E8 /* ZLJGroupInfo.m in Sources */,
				A20BDB791D7D44E800C6F9E8 /* ZLJGroupCell.m in Sources */,
				A20BDB7C1D7D44E800C6F9E8 /* ZLJPHAssetInfo.m in Sources */,
				A20BDB771D7D44E800C6F9E8 /* ZLJAlbumVC.m in Sources */,
				A20BDB341D7D44DE00C6F9E8 /* AppDelegate.m in Sources */,
				A20BDB311D7D44DE00C6F9E8 /* main.m in Sources */,
			);
			runOnlyForDeploymentPostprocessing = 0;
		};
		A20BDB411D7D44DE00C6F9E8 /* Sources */ = {
			isa = PBXSourcesBuildPhase;
			buildActionMask = 2147483647;
			files = (
				A20BDB4A1D7D44DE00C6F9E8 /* AlbumSelectTests.m in Sources */,
			);
			runOnlyForDeploymentPostprocessing = 0;
		};
		A20BDB4C1D7D44DE00C6F9E8 /* Sources */ = {
			isa = PBXSourcesBuildPhase;
			buildActionMask = 2147483647;
			files = (
				A20BDB551D7D44DE00C6F9E8 /* AlbumSelectUITests.m in Sources */,
			);
			runOnlyForDeploymentPostprocessing = 0;
		};
/* End PBXSourcesBuildPhase section */

/* Begin PBXTargetDependency section */
		A20BDB471D7D44DE00C6F9E8 /* PBXTargetDependency */ = {
			isa = PBXTargetDependency;
			target = A20BDB2B1D7D44DE00C6F9E8 /* AlbumSelect */;
			targetProxy = A20BDB461D7D44DE00C6F9E8 /* PBXContainerItemProxy */;
		};
		A20BDB521D7D44DE00C6F9E8 /* PBXTargetDependency */ = {
			isa = PBXTargetDependency;
			target = A20BDB2B1D7D44DE00C6F9E8 /* AlbumSelect */;
			targetProxy = A20BDB511D7D44DE00C6F9E8 /* PBXContainerItemProxy */;
		};
/* End PBXTargetDependency section */

/* Begin PBXVariantGroup section */
		A20BDB381D7D44DE00C6F9E8 /* Main.storyboard */ = {
			isa = PBXVariantGroup;
			children = (
				A20BDB391D7D44DE00C6F9E8 /* Base */,
			);
			name = Main.storyboard;
			sourceTree = "<group>";
		};
		A20BDB3D1D7D44DE00C6F9E8 /* LaunchScreen.storyboard */ = {
			isa = PBXVariantGroup;
			children = (
				A20BDB3E1D7D44DE00C6F9E8 /* Base */,
			);
			name = LaunchScreen.storyboard;
			sourceTree = "<group>";
		};
		A20BDB631D7D44E800C6F9E8 /* InfoPlist.strings */ = {
			isa = PBXVariantGroup;
			children = (
				A20BDB641D7D44E800C6F9E8 /* en */,
				A20BDB661D7D44E800C6F9E8 /* zh-Hans */,
			);
			name = InfoPlist.strings;
			sourceTree = "<group>";
		};
/* End PBXVariantGroup section */

/* Begin XCBuildConfiguration section */
		A20BDB571D7D44DE00C6F9E8 /* Debug */ = {
			isa = XCBuildConfiguration;
			buildSettings = {
				ALWAYS_SEARCH_USER_PATHS = NO;
				CLANG_ANALYZER_NONNULL = YES;
				CLANG_CXX_LANGUAGE_STANDARD = "gnu++0x";
				CLANG_CXX_LIBRARY = "libc++";
				CLANG_ENABLE_MODULES = YES;
				CLANG_ENABLE_OBJC_ARC = YES;
				CLANG_WARN_BOOL_CONVERSION = YES;
				CLANG_WARN_CONSTANT_CONVERSION = YES;
				CLANG_WARN_DIRECT_OBJC_ISA_USAGE = YES_ERROR;
				CLANG_WARN_EMPTY_BODY = YES;
				CLANG_WARN_ENUM_CONVERSION = YES;
				CLANG_WARN_INT_CONVERSION = YES;
				CLANG_WARN_OBJC_ROOT_CLASS = YES_ERROR;
				CLANG_WARN_UNREACHABLE_CODE = YES;
				CLANG_WARN__DUPLICATE_METHOD_MATCH = YES;
				"CODE_SIGN_IDENTITY[sdk=iphoneos*]" = "iPhone Developer";
				COPY_PHASE_STRIP = NO;
				DEBUG_INFORMATION_FORMAT = dwarf;
				ENABLE_STRICT_OBJC_MSGSEND = YES;
				ENABLE_TESTABILITY = YES;
				GCC_C_LANGUAGE_STANDARD = gnu99;
				GCC_DYNAMIC_NO_PIC = NO;
				GCC_NO_COMMON_BLOCKS = YES;
				GCC_OPTIMIZATION_LEVEL = 0;
				GCC_PREPROCESSOR_DEFINITIONS = (
					"DEBUG=1",
					"$(inherited)",
				);
				GCC_WARN_64_TO_32_BIT_CONVERSION = YES;
				GCC_WARN_ABOUT_RETURN_TYPE = YES_ERROR;
				GCC_WARN_UNDECLARED_SELECTOR = YES;
				GCC_WARN_UNINITIALIZED_AUTOS = YES_AGGRESSIVE;
				GCC_WARN_UNUSED_FUNCTION = YES;
				GCC_WARN_UNUSED_VARIABLE = YES;
				IPHONEOS_DEPLOYMENT_TARGET = 9.3;
				MTL_ENABLE_DEBUG_INFO = YES;
				ONLY_ACTIVE_ARCH = YES;
				SDKROOT = iphoneos;
				TARGETED_DEVICE_FAMILY = "1,2";
			};
			name = Debug;
		};
		A20BDB581D7D44DE00C6F9E8 /* Release */ = {
			isa = XCBuildConfiguration;
			buildSettings = {
				ALWAYS_SEARCH_USER_PATHS = NO;
				CLANG_ANALYZER_NONNULL = YES;
				CLANG_CXX_LANGUAGE_STANDARD = "gnu++0x";
				CLANG_CXX_LIBRARY = "libc++";
				CLANG_ENABLE_MODULES = YES;
				CLANG_ENABLE_OBJC_ARC = YES;
				CLANG_WARN_BOOL_CONVERSION = YES;
				CLANG_WARN_CONSTANT_CONVERSION = YES;
				CLANG_WARN_DIRECT_OBJC_ISA_USAGE = YES_ERROR;
				CLANG_WARN_EMPTY_BODY = YES;
				CLANG_WARN_ENUM_CONVERSION = YES;
				CLANG_WARN_INT_CONVERSION = YES;
				CLANG_WARN_OBJC_ROOT_CLASS = YES_ERROR;
				CLANG_WARN_UNREACHABLE_CODE = YES;
				CLANG_WARN__DUPLICATE_METHOD_MATCH = YES;
				"CODE_SIGN_IDENTITY[sdk=iphoneos*]" = "iPhone Developer";
				COPY_PHASE_STRIP = NO;
				DEBUG_INFORMATION_FORMAT = "dwarf-with-dsym";
				ENABLE_NS_ASSERTIONS = NO;
				ENABLE_STRICT_OBJC_MSGSEND = YES;
				GCC_C_LANGUAGE_STANDARD = gnu99;
				GCC_NO_COMMON_BLOCKS = YES;
				GCC_WARN_64_TO_32_BIT_CONVERSION = YES;
				GCC_WARN_ABOUT_RETURN_TYPE = YES_ERROR;
				GCC_WARN_UNDECLARED_SELECTOR = YES;
				GCC_WARN_UNINITIALIZED_AUTOS = YES_AGGRESSIVE;
				GCC_WARN_UNUSED_FUNCTION = YES;
				GCC_WARN_UNUSED_VARIABLE = YES;
				IPHONEOS_DEPLOYMENT_TARGET = 9.3;
				MTL_ENABLE_DEBUG_INFO = NO;
				SDKROOT = iphoneos;
				TARGETED_DEVICE_FAMILY = "1,2";
				VALIDATE_PRODUCT = YES;
			};
			name = Release;
		};
		A20BDB5A1D7D44DE00C6F9E8 /* Debug */ = {
			isa = XCBuildConfiguration;
			buildSettings = {
				ASSETCATALOG_COMPILER_APPICON_NAME = AppIcon;
				INFOPLIST_FILE = AlbumSelect/Info.plist;
				LD_RUNPATH_SEARCH_PATHS = "$(inherited) @executable_path/Frameworks";
				PRODUCT_BUNDLE_IDENTIFIER = com.zhanlijun.AlbumSelect;
				PRODUCT_NAME = "$(TARGET_NAME)";
			};
			name = Debug;
		};
		A20BDB5B1D7D44DE00C6F9E8 /* Release */ = {
			isa = XCBuildConfiguration;
			buildSettings = {
				ASSETCATALOG_COMPILER_APPICON_NAME = AppIcon;
				INFOPLIST_FILE = AlbumSelect/Info.plist;
				LD_RUNPATH_SEARCH_PATHS = "$(inherited) @executable_path/Frameworks";
				PRODUCT_BUNDLE_IDENTIFIER = com.zhanlijun.AlbumSelect;
				PRODUCT_NAME = "$(TARGET_NAME)";
			};
			name = Release;
		};
		A20BDB5D1D7D44DE00C6F9E8 /* Debug */ = {
			isa = XCBuildConfiguration;
			buildSettings = {
				BUNDLE_LOADER = "$(TEST_HOST)";
				INFOPLIST_FILE = AlbumSelectTests/Info.plist;
				LD_RUNPATH_SEARCH_PATHS = "$(inherited) @executable_path/Frameworks @loader_path/Frameworks";
				PRODUCT_BUNDLE_IDENTIFIER = com.zhanlijun.AlbumSelectTests;
				PRODUCT_NAME = "$(TARGET_NAME)";
				TEST_HOST = "$(BUILT_PRODUCTS_DIR)/AlbumSelect.app/AlbumSelect";
			};
			name = Debug;
		};
		A20BDB5E1D7D44DE00C6F9E8 /* Release */ = {
			isa = XCBuildConfiguration;
			buildSettings = {
				BUNDLE_LOADER = "$(TEST_HOST)";
				INFOPLIST_FILE = AlbumSelectTests/Info.plist;
				LD_RUNPATH_SEARCH_PATHS = "$(inherited) @executable_path/Frameworks @loader_path/Frameworks";
				PRODUCT_BUNDLE_IDENTIFIER = com.zhanlijun.AlbumSelectTests;
				PRODUCT_NAME = "$(TARGET_NAME)";
				TEST_HOST = "$(BUILT_PRODUCTS_DIR)/AlbumSelect.app/AlbumSelect";
			};
			name = Release;
		};
		A20BDB601D7D44DE00C6F9E8 /* Debug */ = {
			isa = XCBuildConfiguration;
			buildSettings = {
				INFOPLIST_FILE = AlbumSelectUITests/Info.plist;
				LD_RUNPATH_SEARCH_PATHS = "$(inherited) @executable_path/Frameworks @loader_path/Frameworks";
				PRODUCT_BUNDLE_IDENTIFIER = com.zhanlijun.AlbumSelectUITests;
				PRODUCT_NAME = "$(TARGET_NAME)";
				TEST_TARGET_NAME = AlbumSelect;
			};
			name = Debug;
		};
		A20BDB611D7D44DE00C6F9E8 /* Release */ = {
			isa = XCBuildConfiguration;
			buildSettings = {
				INFOPLIST_FILE = AlbumSelectUITests/Info.plist;
				LD_RUNPATH_SEARCH_PATHS = "$(inherited) @executable_path/Frameworks @loader_path/Frameworks";
				PRODUCT_BUNDLE_IDENTIFIER = com.zhanlijun.AlbumSelectUITests;
				PRODUCT_NAME = "$(TARGET_NAME)";
				TEST_TARGET_NAME = AlbumSelect;
			};
			name = Release;
		};
/* End XCBuildConfiguration section */

/* Begin XCConfigurationList section */
		A20BDB271D7D44DE00C6F9E8 /* Build configuration list for PBXProject "AlbumSelect" */ = {
			isa = XCConfigurationList;
			buildConfigurations = (
				A20BDB571D7D44DE00C6F9E8 /* Debug */,
				A20BDB581D7D44DE00C6F9E8 /* Release */,
			);
			defaultConfigurationIsVisible = 0;
			defaultConfigurationName = Release;
		};
		A20BDB591D7D44DE00C6F9E8 /* Build configuration list for PBXNativeTarget "AlbumSelect" */ = {
			isa = XCConfigurationList;
			buildConfigurations = (
				A20BDB5A1D7D44DE00C6F9E8 /* Debug */,
				A20BDB5B1D7D44DE00C6F9E8 /* Release */,
			);
			defaultConfigurationIsVisible = 0;
		};
		A20BDB5C1D7D44DE00C6F9E8 /* Build configuration list for PBXNativeTarget "AlbumSelectTests" */ = {
			isa = XCConfigurationList;
			buildConfigurations = (
				A20BDB5D1D7D44DE00C6F9E8 /* Debug */,
				A20BDB5E1D7D44DE00C6F9E8 /* Release */,
			);
			defaultConfigurationIsVisible = 0;
		};
		A20BDB5F1D7D44DE00C6F9E8 /* Build configuration list for PBXNativeTarget "AlbumSelectUITests" */ = {
			isa = XCConfigurationList;
			buildConfigurations = (
				A20BDB601D7D44DE00C6F9E8 /* Debug */,
				A20BDB611D7D44DE00C6F9E8 /* Release */,
			);
			defaultConfigurationIsVisible = 0;
		};
/* End XCConfigurationList section */
	};
	rootObject = A20BDB241D7D44DE00C6F9E8 /* Project object */;
}
